<?xml version="1.0" encoding="utf-8"?>
<Project ToolsVersion="4.0" xmlns="http://schemas.microsoft.com/developer/msbuild/2003">
  <ItemGroup>
    <Filter Include="OpenGL">
      <UniqueIdentifier>{8A864AC8-7628-759E-5FE3-88F24B24FCEE}</UniqueIdentifier>
    </Filter>
    <Filter Include="Renderer">
      <UniqueIdentifier>{7CCE658F-689B-C09A-91B4-AE427DE0F528}</UniqueIdentifier>
    </Filter>
    <Filter Include="vendor">
      <UniqueIdentifier>{B3738122-9F15-ACF8-88D0-BF4C74113349}</UniqueIdentifier>
    </Filter>
    <Filter Include="vendor\imgui">
      <UniqueIdentifier>{5D3BD0F0-499E-5F95-F223-984BDE652B18}</UniqueIdentifier>
    </Filter>
    <Filter Include="vendor\imgui\backends">
      <UniqueIdentifier>{27CEAEAF-933A-6AAA-5C2E-0208C8598C12}</UniqueIdentifier>
    </Filter>
  </ItemGroup>
  <ItemGroup>
    <ClInclude Include="OpenGL\CommonRender.h">
      <Filter>OpenGL</Filter>
    </ClInclude>
    <ClInclude Include="OpenGL\IndexBuffer.h">
      <Filter>OpenGL</Filter>
    </ClInclude>
    <ClInclude Include="OpenGL\Shader.h">
      <Filter>OpenGL</Filter>
    </ClInclude>
    <ClInclude Include="OpenGL\Texture.h">
      <Filter>OpenGL</Filter>
    </ClInclude>
    <ClInclude Include="OpenGL\VertexBuffer.h">
      <Filter>OpenGL</Filter>
    </ClInclude>
    <ClInclude Include="OpenGL\Window.h">
      <Filter>OpenGL</Filter>
    </ClInclude>
    <ClInclude Include="Renderer\Renderer2D.h">
      <Filter>Renderer</Filter>
    </ClInclude>
    <ClInclude Include="OpenGL\VertexLayout.h" />
    <ClInclude Include="OpenGL\VertexArray.h" />
    <ClInclude Include="OpenGL\OrthographicCamera.h" />
    <ClInclude Include="Scene\Scene.h" />
    <ClInclude Include="Scene\EntityList.h" />
    <ClInclude Include="Scene\Entity.h" />
    <ClInclude Include="Scene\QuadTree.h" />
    <ClInclude Include="Core\Logging.h" />
    <ClInclude Include="Core\Colour.h" />
    <ClInclude Include="Demos\DemoScene.h" />
    <ClInclude Include="Demos\SandboxScene.h" />
    <ClInclude Include="Demos\MovingEntity.h" />
    <ClInclude Include="Core\TimeStep.h" />
    <ClInclude Include="Scene\SceneSerializer.h" />
  </ItemGroup>
  <ItemGroup>
    <ClCompile Include="..\vendor\imgui\backends\imgui_impl_glfw.cpp">
      <Filter>vendor\imgui\backends</Filter>
    </ClCompile>
    <ClCompile Include="..\vendor\imgui\backends\imgui_impl_opengl3.cpp">
      <Filter>vendor\imgui\backends</Filter>
    </ClCompile>
    <ClCompile Include="..\vendor\imgui\imgui.cpp">
      <Filter>vendor\imgui</Filter>
    </ClCompile>
    <ClCompile Include="..\vendor\imgui\imgui_demo.cpp">
      <Filter>vendor\imgui</Filter>
    </ClCompile>
    <ClCompile Include="..\vendor\imgui\imgui_draw.cpp">
      <Filter>vendor\imgui</Filter>
    </ClCompile>
    <ClCompile Include="..\vendor\imgui\imgui_tables.cpp">
      <Filter>vendor\imgui</Filter>
    </ClCompile>
    <ClCompile Include="..\vendor\imgui\imgui_widgets.cpp">
      <Filter>vendor\imgui</Filter>
    </ClCompile>
    <ClCompile Include="Application.cpp" />
    <ClCompile Include="OpenGL\IndexBuffer.cpp">
      <Filter>OpenGL</Filter>
    </ClCompile>
    <ClCompile Include="OpenGL\Shader.cpp">
      <Filter>OpenGL</Filter>
    </ClCompile>
    <ClCompile Include="OpenGL\Texture.cpp">
      <Filter>OpenGL</Filter>
    </ClCompile>
    <ClCompile Include="OpenGL\VertexBuffer.cpp">
      <Filter>OpenGL</Filter>
    </ClCompile>
    <ClCompile Include="OpenGL\Window.cpp">
      <Filter>OpenGL</Filter>
    </ClCompile>
    <ClCompile Include="Renderer\Renderer2D.cpp">
      <Filter>Renderer</Filter>
    </ClCompile>
    <ClCompile Include="OpenGL\VertexLayout.cpp" />
    <ClCompile Include="OpenGL\VertexArray.cpp" />
    <ClCompile Include="OpenGL\OrthographicCamera.cpp" />
    <ClCompile Include="Scene\EntityList.cpp" />
    <ClCompile Include="Core\Logging.cpp" />
    <ClCompile Include="Scene\QuadTree.cpp" />
    <ClCompile Include="Scene\Scene.cpp" />
    <ClCompile Include="Demos\DemoScene.cpp" />
    <ClCompile Include="Demos\SandboxScene.cpp" />
    <ClCompile Include="Demos\MovingEntity.cpp" />
    <ClCompile Include="Scene\SceneSerializer.cpp" />
    <ClCompile Include="Core\TimeStep.cpp" />
  </ItemGroup>
</Project>